
Microsoft Visual Studio Solution File, Format Version 12.00
# Visual Studio 2012
Project("{FAE04EC0-301F-11D3-BF4B-00C04F79EFBC}") = "ColorGraph", "ColorGraph\ColorGraph.csproj", "{74791FD7-ABB2-4893-B291-270264EF2CF7}"
EndProject
Project("{FAE04EC0-301F-11D3-BF4B-00C04F79EFBC}") = "TestColorGraph", "TestColorGraph\TestColorGraph.csproj", "{0F4EF21E-11FC-42EA-BEB6-E2380AFCD9B9}"
EndProject
Global
	GlobalSection(SolutionConfigurationPlatforms) = preSolution
		Debug|Any CPU = Debug|Any CPU
		Release|Any CPU = Release|Any CPU
	EndGlobalSection
	GlobalSection(ProjectConfigurationPlatforms) = postSolution
		{74791FD7-ABB2-4893-B291-270264EF2CF7}.Debug|Any CPU.ActiveCfg = Debug|Any CPU
		{74791FD7-ABB2-4893-B291-270264EF2CF7}.Debug|Any CPU.Build.0 = Debug|Any CPU
		{74791FD7-ABB2-4893-B291-270264EF2CF7}.Release|Any CPU.ActiveCfg = Release|Any CPU
		{74791FD7-ABB2-4893-B291-270264EF2CF7}.Release|Any CPU.Build.0 = Release|Any CPU
		{0F4EF21E-11FC-42EA-BEB6-E2380AFCD9B9}.Debug|Any CPU.ActiveCfg = Debug|Any CPU
		{0F4EF21E-11FC-42EA-BEB6-E2380AFCD9B9}.Debug|Any CPU.Build.0 = Debug|Any CPU
		{0F4EF21E-11FC-42EA-BEB6-E2380AFCD9B9}.Release|Any CPU.ActiveCfg = Release|Any CPU
		{0F4EF21E-11FC-42EA-BEB6-E2380AFCD9B9}.Release|Any CPU.Build.0 = Release|Any CPU
	EndGlobalSection
	GlobalSection(SolutionProperties) = preSolution
		HideSolutionNode = FALSE
	EndGlobalSection
EndGlobal
